
Microsoft Visual Studio Solution File, Format Version 12.00
# Visual Studio Version 17
VisualStudioVersion = 17.11.35327.3
MinimumVisualStudioVersion = 10.0.40219.1
Project("{9A19103F-16F7-4668-BE54-9A1E7A4F7556}") = "MySolution.Module", "MySolution.Module\MySolution.Module.csproj", "{33228D9E-EB24-4AFB-8481-19FD1DD196F5}"
EndProject
Project("{9A19103F-16F7-4668-BE54-9A1E7A4F7556}") = "MySolution.Win", "MySolution.Win\MySolution.Win.csproj", "{246D2259-15F4-4623-A4A1-F685A2B6EADB}"
EndProject
Project("{9A19103F-16F7-4668-BE54-9A1E7A4F7556}") = "MySolution.Blazor.Server", "MySolution.Blazor.Server\MySolution.Blazor.Server.csproj", "{E9337985-8AAF-415F-AB9E-43A133B046D2}"
EndProject
Global
	GlobalSection(SolutionConfigurationPlatforms) = preSolution
		Debug|Any CPU = Debug|Any CPU
		EasyTest|Any CPU = EasyTest|Any CPU
		Release|Any CPU = Release|Any CPU
	EndGlobalSection
	GlobalSection(ProjectConfigurationPlatforms) = postSolution
		{33228D9E-EB24-4AFB-8481-19FD1DD196F5}.Debug|Any CPU.ActiveCfg = Debug|Any CPU
		{33228D9E-EB24-4AFB-8481-19FD1DD196F5}.Debug|Any CPU.Build.0 = Debug|Any CPU
		{33228D9E-EB24-4AFB-8481-19FD1DD196F5}.EasyTest|Any CPU.ActiveCfg = EasyTest|Any CPU
		{33228D9E-EB24-4AFB-8481-19FD1DD196F5}.EasyTest|Any CPU.Build.0 = EasyTest|Any CPU
		{33228D9E-EB24-4AFB-8481-19FD1DD196F5}.Release|Any CPU.ActiveCfg = Release|Any CPU
		{33228D9E-EB24-4AFB-8481-19FD1DD196F5}.Release|Any CPU.Build.0 = Release|Any CPU
		{246D2259-15F4-4623-A4A1-F685A2B6EADB}.Debug|Any CPU.ActiveCfg = Debug|Any CPU
		{246D2259-15F4-4623-A4A1-F685A2B6EADB}.Debug|Any CPU.Build.0 = Debug|Any CPU
		{246D2259-15F4-4623-A4A1-F685A2B6EADB}.EasyTest|Any CPU.ActiveCfg = EasyTest|Any CPU
		{246D2259-15F4-4623-A4A1-F685A2B6EADB}.EasyTest|Any CPU.Build.0 = EasyTest|Any CPU
		{246D2259-15F4-4623-A4A1-F685A2B6EADB}.Release|Any CPU.ActiveCfg = Release|Any CPU
		{246D2259-15F4-4623-A4A1-F685A2B6EADB}.Release|Any CPU.Build.0 = Release|Any CPU
		{E9337985-8AAF-415F-AB9E-43A133B046D2}.Debug|Any CPU.ActiveCfg = Debug|Any CPU
		{E9337985-8AAF-415F-AB9E-43A133B046D2}.Debug|Any CPU.Build.0 = Debug|Any CPU
		{E9337985-8AAF-415F-AB9E-43A133B046D2}.EasyTest|Any CPU.ActiveCfg = EasyTest|Any CPU
		{E9337985-8AAF-415F-AB9E-43A133B046D2}.EasyTest|Any CPU.Build.0 = EasyTest|Any CPU
		{E9337985-8AAF-415F-AB9E-43A133B046D2}.Release|Any CPU.ActiveCfg = Release|Any CPU
		{E9337985-8AAF-415F-AB9E-43A133B046D2}.Release|Any CPU.Build.0 = Release|Any CPU
	EndGlobalSection
	GlobalSection(SolutionProperties) = preSolution
		HideSolutionNode = FALSE
	EndGlobalSection
EndGlobal
